
Microsoft Visual Studio Solution File, Format Version 12.00
Project("{FAE04EC0-301F-11D3-BF4B-00C04F79EFBC}") = "BlazorApp1", "BlazorApp1\BlazorApp1.csproj", "{194109F7-949B-4179-B410-7B07612235E0}"
EndProject
Global
	GlobalSection(SolutionConfigurationPlatforms) = preSolution
		Debug|Any CPU = Debug|Any CPU
		Release|Any CPU = Release|Any CPU
	EndGlobalSection
	GlobalSection(ProjectConfigurationPlatforms) = postSolution
		{194109F7-949B-4179-B410-7B07612235E0}.Debug|Any CPU.ActiveCfg = Debug|Any CPU
		{194109F7-949B-4179-B410-7B07612235E0}.Debug|Any CPU.Build.0 = Debug|Any CPU
		{194109F7-949B-4179-B410-7B07612235E0}.Release|Any CPU.ActiveCfg = Release|Any CPU
		{194109F7-949B-4179-B410-7B07612235E0}.Release|Any CPU.Build.0 = Release|Any CPU
	EndGlobalSection
EndGlobal
